
Microsoft Visual Studio Solution File, Format Version 12.00
# Visual Studio Version 17
VisualStudioVersion = 17.3.32901.215
MinimumVisualStudioVersion = 10.0.40219.1
Project("{FAE04EC0-301F-11D3-BF4B-00C04F79EFBC}") = "CsharpHomework007", "CsharpHomework007.csproj", "{0F5B558C-0358-4AC6-9357-78782A5B5741}"
EndProject
Project("{FAE04EC0-301F-11D3-BF4B-00C04F79EFBC}") = "GuessTheNumber", "..\GuessTheNumber\GuessTheNumber.csproj", "{203EAB24-9324-450A-8135-6483B6E03E30}"
EndProject
Global
	GlobalSection(SolutionConfigurationPlatforms) = preSolution
		Debug|Any CPU = Debug|Any CPU
		Release|Any CPU = Release|Any CPU
	EndGlobalSection
	GlobalSection(ProjectConfigurationPlatforms) = postSolution
		{0F5B558C-0358-4AC6-9357-78782A5B5741}.Debug|Any CPU.ActiveCfg = Debug|Any CPU
		{0F5B558C-0358-4AC6-9357-78782A5B5741}.Debug|Any CPU.Build.0 = Debug|Any CPU
		{0F5B558C-0358-4AC6-9357-78782A5B5741}.Release|Any CPU.ActiveCfg = Release|Any CPU
		{0F5B558C-0358-4AC6-9357-78782A5B5741}.Release|Any CPU.Build.0 = Release|Any CPU
		{203EAB24-9324-450A-8135-6483B6E03E30}.Debug|Any CPU.ActiveCfg = Debug|Any CPU
		{203EAB24-9324-450A-8135-6483B6E03E30}.Debug|Any CPU.Build.0 = Debug|Any CPU
		{203EAB24-9324-450A-8135-6483B6E03E30}.Release|Any CPU.ActiveCfg = Release|Any CPU
		{203EAB24-9324-450A-8135-6483B6E03E30}.Release|Any CPU.Build.0 = Release|Any CPU
	EndGlobalSection
	GlobalSection(SolutionProperties) = preSolution
		HideSolutionNode = FALSE
	EndGlobalSection
	GlobalSection(ExtensibilityGlobals) = postSolution
		SolutionGuid = {9B653AF9-BFFE-471A-8C1C-85810DFAA520}
	EndGlobalSection
EndGlobal
